PODS:
  - Alamofire (5.5.0)
  - KeyChain (0.0.1)
  - Login (0.0.1):
    - ShadowBase
  - Mixpanel-swift (3.1.4):
    - Mixpanel-swift/Complete (= 3.1.4)
  - Mixpanel-swift/Complete (3.1.4)
  - ShadowBase (0.0.1)
  - SnapKit (5.0.1)

DEPENDENCIES:
  - Alamofire (~> 5.5)
  - KeyChain (from `Module/KeyChain/`)
  - Login (from `Module/Login/`)
  - Mixpanel-swift
  - ShadowBase (from `Module/ShadowBase/`)
  - SnapKit (~> 5.0.0)

SPEC REPOS:
  https://github.com/CocoaPods/Specs.git:
    - Alamofire
    - Mixpanel-swift
    - SnapKit

EXTERNAL SOURCES:
  KeyChain:
    :path: Module/KeyChain/
  Login:
    :path: Module/Login/
  ShadowBase:
    :path: Module/ShadowBase/

SPEC CHECKSUMS:
  Alamofire: 1c4fb5369c3fe93d2857c780d8bbe09f06f97e7c
  KeyChain: 76354cc5f5c37b74cff04e9dd992f79cca0fa981
  Login: cf7b8853eaeeb6ba133029576b2eadcdefcccc07
  Mixpanel-swift: 3ce40d07c05e437bf9258fc0dee9f214c4d5ed8d
  ShadowBase: 66b66dc91e9bd8d0355481d6c06ca7008c2e1e7e
  SnapKit: 97b92857e3df3a0c71833cce143274bf6ef8e5eb

PODFILE CHECKSUM: eeb8e07704850e97602648aac1d0671a27ba4e64

COCOAPODS: 1.10.2
