// !$*UTF8*$!
{
	archiveVersion = 1;
	classes = {
	};
	objectVersion = 55;
	objects = {

/* Begin PBXBuildFile section */
		0BB49C6627B6035600050B01 /* AppDelegate.swift in Sources */ = {isa = PBXBuildFile; fileRef = 0BB49C6527B6035600050B01 /* AppDelegate.swift */; };
		0BB49C6F27B6035800050B01 /* Assets.xcassets in Resources */ = {isa = PBXBuildFile; fileRef = 0BB49C6E27B6035800050B01 /* Assets.xcassets */; };
		0BB49CB727B6494900050B01 /* XSExtension+String.swift in Sources */ = {isa = PBXBuildFile; fileRef = 0BB49CA327B6494900050B01 /* XSExtension+String.swift */; };
		0BB49CB827B6494900050B01 /* XSExtension+UITableViewCell.swift in Sources */ = {isa = PBXBuildFile; fileRef = 0BB49CA427B6494900050B01 /* XSExtension+UITableViewCell.swift */; };
		0BB49CB927B6494900050B01 /* XSExtension+NSObject.swift in Sources */ = {isa = PBXBuildFile; fileRef = 0BB49CA527B6494900050B01 /* XSExtension+NSObject.swift */; };
		0BB49CBA27B6494900050B01 /* XSExtension+UIView.swift in Sources */ = {isa = PBXBuildFile; fileRef = 0BB49CA627B6494900050B01 /* XSExtension+UIView.swift */; };
		0BB49CBB27B6494900050B01 /* XSScreenFit.swift in Sources */ = {isa = PBXBuildFile; fileRef = 0BB49CA827B6494900050B01 /* XSScreenFit.swift */; };
		0BB49CBE27B6494900050B01 /* XSFitDevice.swift in Sources */ = {isa = PBXBuildFile; fileRef = 0BB49CAB27B6494900050B01 /* XSFitDevice.swift */; };
		0BB49CC127B6494900050B01 /* ArchiveMethod.swift in Sources */ = {isa = PBXBuildFile; fileRef = 0BB49CB027B6494900050B01 /* ArchiveMethod.swift */; };
		0BB49CC227B6494900050B01 /* XSConstants.swift in Sources */ = {isa = PBXBuildFile; fileRef = 0BB49CB227B6494900050B01 /* XSConstants.swift */; };
		0BB49CC427B6494900050B01 /* ANN9PostDevice.swift in Sources */ = {isa = PBXBuildFile; fileRef = 0BB49CB627B6494900050B01 /* ANN9PostDevice.swift */; };
		0BB49CCA27B64DBE00050B01 /* XSSplashViewController.swift in Sources */ = {isa = PBXBuildFile; fileRef = 0BB49CC627B64DBE00050B01 /* XSSplashViewController.swift */; };
		0BB49CCB27B64DBE00050B01 /* XSChassisViewController.swift in Sources */ = {isa = PBXBuildFile; fileRef = 0BB49CC727B64DBE00050B01 /* XSChassisViewController.swift */; };
		0BB49CCC27B64DBE00050B01 /* XSLeftMenuViewController.swift in Sources */ = {isa = PBXBuildFile; fileRef = 0BB49CC827B64DBE00050B01 /* XSLeftMenuViewController.swift */; };
		0BB49CCD27B64DBE00050B01 /* XSRootViewController.swift in Sources */ = {isa = PBXBuildFile; fileRef = 0BB49CC927B64DBE00050B01 /* XSRootViewController.swift */; };
		0BB49CCF27B6560100050B01 /* LaunchScreen.storyboard in Resources */ = {isa = PBXBuildFile; fileRef = 0BB49CCE27B6560100050B01 /* LaunchScreen.storyboard */; };
		0BB49CE027B65ACD00050B01 /* XSOtherViewController.swift in Sources */ = {isa = PBXBuildFile; fileRef = 0BB49CD327B65ACD00050B01 /* XSOtherViewController.swift */; };
		0BB49CE127B65ACD00050B01 /* XSIndexViewController.swift in Sources */ = {isa = PBXBuildFile; fileRef = 0BB49CD427B65ACD00050B01 /* XSIndexViewController.swift */; };
		0BB49CE227B65ACD00050B01 /* XSNoteDetailViewController.swift in Sources */ = {isa = PBXBuildFile; fileRef = 0BB49CD527B65ACD00050B01 /* XSNoteDetailViewController.swift */; };
		0BB49CE327B65ACD00050B01 /* XSScrollCardViewController.swift in Sources */ = {isa = PBXBuildFile; fileRef = 0BB49CD627B65ACD00050B01 /* XSScrollCardViewController.swift */; };
		0BB49CE427B65ACD00050B01 /* XSCardFlowLayout.swift in Sources */ = {isa = PBXBuildFile; fileRef = 0BB49CD827B65ACD00050B01 /* XSCardFlowLayout.swift */; };
		0BB49CE527B65ACD00050B01 /* XSIndexDefaultCell.swift in Sources */ = {isa = PBXBuildFile; fileRef = 0BB49CD927B65ACD00050B01 /* XSIndexDefaultCell.swift */; };
		0BB49CE627B65ACD00050B01 /* XSIndexDefaultCellHeaderView.swift in Sources */ = {isa = PBXBuildFile; fileRef = 0BB49CDA27B65ACD00050B01 /* XSIndexDefaultCellHeaderView.swift */; };
		0BB49CE727B65ACD00050B01 /* XSCardCell.swift in Sources */ = {isa = PBXBuildFile; fileRef = 0BB49CDB27B65ACD00050B01 /* XSCardCell.swift */; };
		0BB49CE827B65ACD00050B01 /* XSIndexNavigationView.swift in Sources */ = {isa = PBXBuildFile; fileRef = 0BB49CDC27B65ACD00050B01 /* XSIndexNavigationView.swift */; };
		0BB49CE927B65ACD00050B01 /* XSDefaultCell.swift in Sources */ = {isa = PBXBuildFile; fileRef = 0BB49CDD27B65ACD00050B01 /* XSDefaultCell.swift */; };
		0BB49CEA27B65ACD00050B01 /* XSUserViewController.swift in Sources */ = {isa = PBXBuildFile; fileRef = 0BB49CDF27B65ACD00050B01 /* XSUserViewController.swift */; };
		0BB49CEF27B65B0B00050B01 /* XSPlayerView.swift in Sources */ = {isa = PBXBuildFile; fileRef = 0BB49CED27B65B0B00050B01 /* XSPlayerView.swift */; };
		0BB49CF027B65B0B00050B01 /* XSPlayerViewController.swift in Sources */ = {isa = PBXBuildFile; fileRef = 0BB49CEE27B65B0B00050B01 /* XSPlayerViewController.swift */; };
		6AFF31CCED27D53E0DCA6698 /* Pods_SuperDemo_Swift.framework in Frameworks */ = {isa = PBXBuildFile; fileRef = CFA32DDF8EA16ECCC733236C /* Pods_SuperDemo_Swift.framework */; };
		71D1E9ED2AFD288C0048AC6E /* XSExtension+UIImage.swift in Sources */ = {isa = PBXBuildFile; fileRef = 71D1E9EC2AFD288C0048AC6E /* XSExtension+UIImage.swift */; };
		71D1E9EF2AFD2A1E0048AC6E /* XSExtension+UIColor.swift in Sources */ = {isa = PBXBuildFile; fileRef = 71D1E9EE2AFD2A1E0048AC6E /* XSExtension+UIColor.swift */; };
		71D1E9F12AFD2C020048AC6E /* XSExtension+UICollectionViewCell.swift in Sources */ = {isa = PBXBuildFile; fileRef = 71D1E9F02AFD2C020048AC6E /* XSExtension+UICollectionViewCell.swift */; };
/* End PBXBuildFile section */

/* Begin PBXFileReference section */
		0BB49C6227B6035600050B01 /* SuperDemo-Swift.app */ = {isa = PBXFileReference; explicitFileType = wrapper.application; includeInIndex = 0; path = "SuperDemo-Swift.app"; sourceTree = BUILT_PRODUCTS_DIR; };
		0BB49C6527B6035600050B01 /* AppDelegate.swift */ = {isa = PBXFileReference; lastKnownFileType = sourcecode.swift; path = AppDelegate.swift; sourceTree = "<group>"; };
		0BB49C6E27B6035800050B01 /* Assets.xcassets */ = {isa = PBXFileReference; lastKnownFileType = folder.assetcatalog; path = Assets.xcassets; sourceTree = "<group>"; };
		0BB49C7327B6035800050B01 /* Info.plist */ = {isa = PBXFileReference; lastKnownFileType = text.plist.xml; path = Info.plist; sourceTree = "<group>"; };
		0BB49CA327B6494900050B01 /* XSExtension+String.swift */ = {isa = PBXFileReference; fileEncoding = 4; lastKnownFileType = sourcecode.swift; path = "XSExtension+String.swift"; sourceTree = "<group>"; };
		0BB49CA427B6494900050B01 /* XSExtension+UITableViewCell.swift */ = {isa = PBXFileReference; fileEncoding = 4; lastKnownFileType = sourcecode.swift; path = "XSExtension+UITableViewCell.swift"; sourceTree = "<group>"; };
		0BB49CA527B6494900050B01 /* XSExtension+NSObject.swift */ = {isa = PBXFileReference; fileEncoding = 4; lastKnownFileType = sourcecode.swift; path = "XSExtension+NSObject.swift"; sourceTree = "<group>"; };
		0BB49CA627B6494900050B01 /* XSExtension+UIView.swift */ = {isa = PBXFileReference; fileEncoding = 4; lastKnownFileType = sourcecode.swift; path = "XSExtension+UIView.swift"; sourceTree = "<group>"; };
		0BB49CA827B6494900050B01 /* XSScreenFit.swift */ = {isa = PBXFileReference; fileEncoding = 4; lastKnownFileType = sourcecode.swift; path = XSScreenFit.swift; sourceTree = "<group>"; };
		0BB49CAB27B6494900050B01 /* XSFitDevice.swift */ = {isa = PBXFileReference; fileEncoding = 4; lastKnownFileType = sourcecode.swift; path = XSFitDevice.swift; sourceTree = "<group>"; };
		0BB49CB027B6494900050B01 /* ArchiveMethod.swift */ = {isa = PBXFileReference; fileEncoding = 4; lastKnownFileType = sourcecode.swift; path = ArchiveMethod.swift; sourceTree = "<group>"; };
		0BB49CB227B6494900050B01 /* XSConstants.swift */ = {isa = PBXFileReference; fileEncoding = 4; lastKnownFileType = sourcecode.swift; path = XSConstants.swift; sourceTree = "<group>"; };
		0BB49CB427B6494900050B01 /* XSCommon.h */ = {isa = PBXFileReference; fileEncoding = 4; lastKnownFileType = sourcecode.c.h; path = XSCommon.h; sourceTree = "<group>"; };
		0BB49CB627B6494900050B01 /* ANN9PostDevice.swift */ = {isa = PBXFileReference; fileEncoding = 4; lastKnownFileType = sourcecode.swift; path = ANN9PostDevice.swift; sourceTree = "<group>"; };
		0BB49CC627B64DBE00050B01 /* XSSplashViewController.swift */ = {isa = PBXFileReference; fileEncoding = 4; lastKnownFileType = sourcecode.swift; path = XSSplashViewController.swift; sourceTree = "<group>"; };
		0BB49CC727B64DBE00050B01 /* XSChassisViewController.swift */ = {isa = PBXFileReference; fileEncoding = 4; lastKnownFileType = sourcecode.swift; path = XSChassisViewController.swift; sourceTree = "<group>"; };
		0BB49CC827B64DBE00050B01 /* XSLeftMenuViewController.swift */ = {isa = PBXFileReference; fileEncoding = 4; lastKnownFileType = sourcecode.swift; path = XSLeftMenuViewController.swift; sourceTree = "<group>"; };
		0BB49CC927B64DBE00050B01 /* XSRootViewController.swift */ = {isa = PBXFileReference; fileEncoding = 4; lastKnownFileType = sourcecode.swift; path = XSRootViewController.swift; sourceTree = "<group>"; };
		0BB49CCE27B6560100050B01 /* LaunchScreen.storyboard */ = {isa = PBXFileReference; fileEncoding = 4; lastKnownFileType = file.storyboard; path = LaunchScreen.storyboard; sourceTree = "<group>"; };
		0BB49CD327B65ACD00050B01 /* XSOtherViewController.swift */ = {isa = PBXFileReference; fileEncoding = 4; lastKnownFileType = sourcecode.swift; path = XSOtherViewController.swift; sourceTree = "<group>"; };
		0BB49CD427B65ACD00050B01 /* XSIndexViewController.swift */ = {isa = PBXFileReference; fileEncoding = 4; lastKnownFileType = sourcecode.swift; path = XSIndexViewController.swift; sourceTree = "<group>"; };
		0BB49CD527B65ACD00050B01 /* XSNoteDetailViewController.swift */ = {isa = PBXFileReference; fileEncoding = 4; lastKnownFileType = sourcecode.swift; path = XSNoteDetailViewController.swift; sourceTree = "<group>"; };
		0BB49CD627B65ACD00050B01 /* XSScrollCardViewController.swift */ = {isa = PBXFileReference; fileEncoding = 4; lastKnownFileType = sourcecode.swift; path = XSScrollCardViewController.swift; sourceTree = "<group>"; };
		0BB49CD827B65ACD00050B01 /* XSCardFlowLayout.swift */ = {isa = PBXFileReference; fileEncoding = 4; lastKnownFileType = sourcecode.swift; path = XSCardFlowLayout.swift; sourceTree = "<group>"; };
		0BB49CD927B65ACD00050B01 /* XSIndexDefaultCell.swift */ = {isa = PBXFileReference; fileEncoding = 4; lastKnownFileType = sourcecode.swift; path = XSIndexDefaultCell.swift; sourceTree = "<group>"; };
		0BB49CDA27B65ACD00050B01 /* XSIndexDefaultCellHeaderView.swift */ = {isa = PBXFileReference; fileEncoding = 4; lastKnownFileType = sourcecode.swift; path = XSIndexDefaultCellHeaderView.swift; sourceTree = "<group>"; };
		0BB49CDB27B65ACD00050B01 /* XSCardCell.swift */ = {isa = PBXFileReference; fileEncoding = 4; lastKnownFileType = sourcecode.swift; path = XSCardCell.swift; sourceTree = "<group>"; };
		0BB49CDC27B65ACD00050B01 /* XSIndexNavigationView.swift */ = {isa = PBXFileReference; fileEncoding = 4; lastKnownFileType = sourcecode.swift; path = XSIndexNavigationView.swift; sourceTree = "<group>"; };
		0BB49CDD27B65ACD00050B01 /* XSDefaultCell.swift */ = {isa = PBXFileReference; fileEncoding = 4; lastKnownFileType = sourcecode.swift; path = XSDefaultCell.swift; sourceTree = "<group>"; };
		0BB49CDF27B65ACD00050B01 /* XSUserViewController.swift */ = {isa = PBXFileReference; fileEncoding = 4; lastKnownFileType = sourcecode.swift; path = XSUserViewController.swift; sourceTree = "<group>"; };
		0BB49CED27B65B0B00050B01 /* XSPlayerView.swift */ = {isa = PBXFileReference; fileEncoding = 4; lastKnownFileType = sourcecode.swift; path = XSPlayerView.swift; sourceTree = "<group>"; };
		0BB49CEE27B65B0B00050B01 /* XSPlayerViewController.swift */ = {isa = PBXFileReference; fileEncoding = 4; lastKnownFileType = sourcecode.swift; path = XSPlayerViewController.swift; sourceTree = "<group>"; };
		260DF14E6711F11D3F1FD3B6 /* Pods-SuperDemo-Swift.release.xcconfig */ = {isa = PBXFileReference; includeInIndex = 1; lastKnownFileType = text.xcconfig; name = "Pods-SuperDemo-Swift.release.xcconfig"; path = "Target Support Files/Pods-SuperDemo-Swift/Pods-SuperDemo-Swift.release.xcconfig"; sourceTree = "<group>"; };
		71D1E9EC2AFD288C0048AC6E /* XSExtension+UIImage.swift */ = {isa = PBXFileReference; lastKnownFileType = sourcecode.swift; path = "XSExtension+UIImage.swift"; sourceTree = "<group>"; };
		71D1E9EE2AFD2A1E0048AC6E /* XSExtension+UIColor.swift */ = {isa = PBXFileReference; lastKnownFileType = sourcecode.swift; path = "XSExtension+UIColor.swift"; sourceTree = "<group>"; };
		71D1E9F02AFD2C020048AC6E /* XSExtension+UICollectionViewCell.swift */ = {isa = PBXFileReference; lastKnownFileType = sourcecode.swift; path = "XSExtension+UICollectionViewCell.swift"; sourceTree = "<group>"; };
		87DA323CBE761FECABC2F763 /* Pods-SuperDemo-Swift.debug.xcconfig */ = {isa = PBXFileReference; includeInIndex = 1; lastKnownFileType = text.xcconfig; name = "Pods-SuperDemo-Swift.debug.xcconfig"; path = "Target Support Files/Pods-SuperDemo-Swift/Pods-SuperDemo-Swift.debug.xcconfig"; sourceTree = "<group>"; };
		CFA32DDF8EA16ECCC733236C /* Pods_SuperDemo_Swift.framework */ = {isa = PBXFileReference; explicitFileType = wrapper.framework; includeInIndex = 0; path = Pods_SuperDemo_Swift.framework; sourceTree = BUILT_PRODUCTS_DIR; };
/* End PBXFileReference section */

/* Begin PBXFrameworksBuildPhase section */
		0BB49C5F27B6035600050B01 /* Frameworks */ = {
			isa = PBXFrameworksBuildPhase;
			buildActionMask = 2147483647;
			files = (
				6AFF31CCED27D53E0DCA6698 /* Pods_SuperDemo_Swift.framework in Frameworks */,
			);
			runOnlyForDeploymentPostprocessing = 0;
		};
/* End PBXFrameworksBuildPhase section */

/* Begin PBXGroup section */
		0BB49C5927B6035600050B01 = {
			isa = PBXGroup;
			children = (
				0BB49C6427B6035600050B01 /* SuperDemo-Swift */,
				0BB49C6327B6035600050B01 /* Products */,
				E31C8B0072A2A802366EBD3B /* Pods */,
				0FD0713DBD95EB5B388368C2 /* Frameworks */,
			);
			sourceTree = "<group>";
		};
		0BB49C6327B6035600050B01 /* Products */ = {
			isa = PBXGroup;
			children = (
				0BB49C6227B6035600050B01 /* SuperDemo-Swift.app */,
			);
			name = Products;
			sourceTree = "<group>";
		};
		0BB49C6427B6035600050B01 /* SuperDemo-Swift */ = {
			isa = PBXGroup;
			children = (
				0BB49C9F27B6483F00050B01 /* AppDelegate */,
				0BB49CA127B6492100050B01 /* Common */,
				0BB49CD027B658C300050B01 /* Controller */,
				0BB49CA027B6485800050B01 /* Other */,
			);
			path = "SuperDemo-Swift";
			sourceTree = "<group>";
		};
		0BB49C9F27B6483F00050B01 /* AppDelegate */ = {
			isa = PBXGroup;
			children = (
				0BB49C6527B6035600050B01 /* AppDelegate.swift */,
			);
			path = AppDelegate;
			sourceTree = "<group>";
		};
		0BB49CA027B6485800050B01 /* Other */ = {
			isa = PBXGroup;
			children = (
				0BB49C6E27B6035800050B01 /* Assets.xcassets */,
				0BB49CCE27B6560100050B01 /* LaunchScreen.storyboard */,
				0BB49C7327B6035800050B01 /* Info.plist */,
			);
			path = Other;
			sourceTree = "<group>";
		};
		0BB49CA127B6492100050B01 /* Common */ = {
			isa = PBXGroup;
			children = (
				0BB49CB127B6494900050B01 /* Constants */,
				0BB49CAF27B6494900050B01 /* DataMethod */,
				0BB49CB327B6494900050B01 /* Other */,
				0BB49CA727B6494900050B01 /* UIUtils */,
				0BB49CA227B6494900050B01 /* XSExtension */,
			);
			path = Common;
			sourceTree = "<group>";
		};
		0BB49CA227B6494900050B01 /* XSExtension */ = {
			isa = PBXGroup;
			children = (
				0BB49CA527B6494900050B01 /* XSExtension+NSObject.swift */,
				0BB49CA327B6494900050B01 /* XSExtension+String.swift */,
				71D1E9F02AFD2C020048AC6E /* XSExtension+UICollectionViewCell.swift */,
				71D1E9EE2AFD2A1E0048AC6E /* XSExtension+UIColor.swift */,
				71D1E9EC2AFD288C0048AC6E /* XSExtension+UIImage.swift */,
				0BB49CA427B6494900050B01 /* XSExtension+UITableViewCell.swift */,
				0BB49CA627B6494900050B01 /* XSExtension+UIView.swift */,
			);
			path = XSExtension;
			sourceTree = "<group>";
		};
		0BB49CA727B6494900050B01 /* UIUtils */ = {
			isa = PBXGroup;
			children = (
				0BB49CA827B6494900050B01 /* XSScreenFit.swift */,
				0BB49CAB27B6494900050B01 /* XSFitDevice.swift */,
			);
			path = UIUtils;
			sourceTree = "<group>";
		};
		0BB49CAF27B6494900050B01 /* DataMethod */ = {
			isa = PBXGroup;
			children = (
				0BB49CB027B6494900050B01 /* ArchiveMethod.swift */,
			);
			path = DataMethod;
			sourceTree = "<group>";
		};
		0BB49CB127B6494900050B01 /* Constants */ = {
			isa = PBXGroup;
			children = (
				0BB49CB227B6494900050B01 /* XSConstants.swift */,
			);
			path = Constants;
			sourceTree = "<group>";
		};
		0BB49CB327B6494900050B01 /* Other */ = {
			isa = PBXGroup;
			children = (
				0BB49CB427B6494900050B01 /* XSCommon.h */,
				0BB49CB627B6494900050B01 /* ANN9PostDevice.swift */,
			);
			path = Other;
			sourceTree = "<group>";
		};
		0BB49CC527B64DAC00050B01 /* Base */ = {
			isa = PBXGroup;
			children = (
				0BB49CC727B64DBE00050B01 /* XSChassisViewController.swift */,
				0BB49CC827B64DBE00050B01 /* XSLeftMenuViewController.swift */,
				0BB49CC927B64DBE00050B01 /* XSRootViewController.swift */,
				0BB49CC627B64DBE00050B01 /* XSSplashViewController.swift */,
			);
			path = Base;
			sourceTree = "<group>";
		};
		0BB49CD027B658C300050B01 /* Controller */ = {
			isa = PBXGroup;
			children = (
				0BB49CC527B64DAC00050B01 /* Base */,
				0BB49CD127B65ACD00050B01 /* Index */,
				0BB49CEB27B65B0B00050B01 /* Player */,
				0BB49CDE27B65ACD00050B01 /* User */,
			);
			path = Controller;
			sourceTree = "<group>";
		};
		0BB49CD127B65ACD00050B01 /* Index */ = {
			isa = PBXGroup;
			children = (
				0BB49CD227B65ACD00050B01 /* Controller */,
				0BB49CD727B65ACD00050B01 /* View */,
			);
			path = Index;
			sourceTree = "<group>";
		};
		0BB49CD227B65ACD00050B01 /* Controller */ = {
			isa = PBXGroup;
			children = (
				0BB49CD427B65ACD00050B01 /* XSIndexViewController.swift */,
				0BB49CD527B65ACD00050B01 /* XSNoteDetailViewController.swift */,
				0BB49CD327B65ACD00050B01 /* XSOtherViewController.swift */,
				0BB49CD627B65ACD00050B01 /* XSScrollCardViewController.swift */,
			);
			path = Controller;
			sourceTree = "<group>";
		};
		0BB49CD727B65ACD00050B01 /* View */ = {
			isa = PBXGroup;
			children = (
				0BB49CD827B65ACD00050B01 /* XSCardFlowLayout.swift */,
				0BB49CD927B65ACD00050B01 /* XSIndexDefaultCell.swift */,
				0BB49CDA27B65ACD00050B01 /* XSIndexDefaultCellHeaderView.swift */,
				0BB49CDB27B65ACD00050B01 /* XSCardCell.swift */,
				0BB49CDC27B65ACD00050B01 /* XSIndexNavigationView.swift */,
				0BB49CDD27B65ACD00050B01 /* XSDefaultCell.swift */,
			);
			path = View;
			sourceTree = "<group>";
		};
		0BB49CDE27B65ACD00050B01 /* User */ = {
			isa = PBXGroup;
			children = (
				0BB49CDF27B65ACD00050B01 /* XSUserViewController.swift */,
			);
			path = User;
			sourceTree = "<group>";
		};
		0BB49CEB27B65B0B00050B01 /* Player */ = {
			isa = PBXGroup;
			children = (
				0BB49CEC27B65B0B00050B01 /* View */,
				0BB49CEE27B65B0B00050B01 /* XSPlayerViewController.swift */,
			);
			path = Player;
			sourceTree = "<group>";
		};
		0BB49CEC27B65B0B00050B01 /* View */ = {
			isa = PBXGroup;
			children = (
				0BB49CED27B65B0B00050B01 /* XSPlayerView.swift */,
			);
			path = View;
			sourceTree = "<group>";
		};
		0FD0713DBD95EB5B388368C2 /* Frameworks */ = {
			isa = PBXGroup;
			children = (
				CFA32DDF8EA16ECCC733236C /* Pods_SuperDemo_Swift.framework */,
			);
			name = Frameworks;
			sourceTree = "<group>";
		};
		E31C8B0072A2A802366EBD3B /* Pods */ = {
			isa = PBXGroup;
			children = (
				87DA323CBE761FECABC2F763 /* Pods-SuperDemo-Swift.debug.xcconfig */,
				260DF14E6711F11D3F1FD3B6 /* Pods-SuperDemo-Swift.release.xcconfig */,
			);
			path = Pods;
			sourceTree = "<group>";
		};
/* End PBXGroup section */

/* Begin PBXNativeTarget section */
		0BB49C6127B6035600050B01 /* SuperDemo-Swift */ = {
			isa = PBXNativeTarget;
			buildConfigurationList = 0BB49C8C27B6035800050B01 /* Build configuration list for PBXNativeTarget "SuperDemo-Swift" */;
			buildPhases = (
				A0FD1CB2DC050D8AD376FC23 /* [CP] Check Pods Manifest.lock */,
				0BB49C5E27B6035600050B01 /* Sources */,
				0BB49C5F27B6035600050B01 /* Frameworks */,
				0BB49C6027B6035600050B01 /* Resources */,
				3586F46FD2DA474601199D68 /* [CP] Embed Pods Frameworks */,
			);
			buildRules = (
			);
			dependencies = (
			);
			name = "SuperDemo-Swift";
			productName = "SuperDemo-Swift";
			productReference = 0BB49C6227B6035600050B01 /* SuperDemo-Swift.app */;
			productType = "com.apple.product-type.application";
		};
/* End PBXNativeTarget section */

/* Begin PBXProject section */
		0BB49C5A27B6035600050B01 /* Project object */ = {
			isa = PBXProject;
			attributes = {
				BuildIndependentTargetsInParallel = 1;
				LastSwiftUpdateCheck = 1320;
				LastUpgradeCheck = 1320;
				TargetAttributes = {
					0BB49C6127B6035600050B01 = {
						CreatedOnToolsVersion = 13.2.1;
					};
				};
			};
			buildConfigurationList = 0BB49C5D27B6035600050B01 /* Build configuration list for PBXProject "SuperDemo-Swift" */;
			compatibilityVersion = "Xcode 13.0";
			developmentRegion = en;
			hasScannedForEncodings = 0;
			knownRegions = (
				en,
				Base,
			);
			mainGroup = 0BB49C5927B6035600050B01;
			productRefGroup = 0BB49C6327B6035600050B01 /* Products */;
			projectDirPath = "";
			projectRoot = "";
			targets = (
				0BB49C6127B6035600050B01 /* SuperDemo-Swift */,
			);
		};
/* End PBXProject section */

/* Begin PBXResourcesBuildPhase section */
		0BB49C6027B6035600050B01 /* Resources */ = {
			isa = PBXResourcesBuildPhase;
			buildActionMask = 2147483647;
			files = (
				0BB49C6F27B6035800050B01 /* Assets.xcassets in Resources */,
				0BB49CCF27B6560100050B01 /* LaunchScreen.storyboard in Resources */,
			);
			runOnlyForDeploymentPostprocessing = 0;
		};
/* End PBXResourcesBuildPhase section */

/* Begin PBXShellScriptBuildPhase section */
		3586F46FD2DA474601199D68 /* [CP] Embed Pods Frameworks */ = {
			isa = PBXShellScriptBuildPhase;
			buildActionMask = 12;
			files = (
			);
			inputFileListPaths = (
				"${PODS_ROOT}/Target Support Files/Pods-SuperDemo-Swift/Pods-SuperDemo-Swift-frameworks-${CONFIGURATION}-input-files.xcfilelist",
			);
			name = "[CP] Embed Pods Frameworks";
			outputFileListPaths = (
				"${PODS_ROOT}/Target Support Files/Pods-SuperDemo-Swift/Pods-SuperDemo-Swift-frameworks-${CONFIGURATION}-output-files.xcfilelist",
			);
			runOnlyForDeploymentPostprocessing = 0;
			shellPath = /bin/sh;
			shellScript = "\"${PODS_ROOT}/Target Support Files/Pods-SuperDemo-Swift/Pods-SuperDemo-Swift-frameworks.sh\"\n";
			showEnvVarsInLog = 0;
		};
		A0FD1CB2DC050D8AD376FC23 /* [CP] Check Pods Manifest.lock */ = {
			isa = PBXShellScriptBuildPhase;
			buildActionMask = 2147483647;
			files = (
			);
			inputFileListPaths = (
			);
			inputPaths = (
				"${PODS_PODFILE_DIR_PATH}/Podfile.lock",
				"${PODS_ROOT}/Manifest.lock",
			);
			name = "[CP] Check Pods Manifest.lock";
			outputFileListPaths = (
			);
			outputPaths = (
				"$(DERIVED_FILE_DIR)/Pods-SuperDemo-Swift-checkManifestLockResult.txt",
			);
			runOnlyForDeploymentPostprocessing = 0;
			shellPath = /bin/sh;
			shellScript = "diff \"${PODS_PODFILE_DIR_PATH}/Podfile.lock\" \"${PODS_ROOT}/Manifest.lock\" > /dev/null\nif [ $? != 0 ] ; then\n    # print error to STDERR\n    echo \"error: The sandbox is not in sync with the Podfile.lock. Run 'pod install' or update your CocoaPods installation.\" >&2\n    exit 1\nfi\n# This output is used by Xcode 'outputs' to avoid re-running this script phase.\necho \"SUCCESS\" > \"${SCRIPT_OUTPUT_FILE_0}\"\n";
			showEnvVarsInLog = 0;
		};
/* End PBXShellScriptBuildPhase section */

/* Begin PBXSourcesBuildPhase section */
		0BB49C5E27B6035600050B01 /* Sources */ = {
			isa = PBXSourcesBuildPhase;
			buildActionMask = 2147483647;
			files = (
				0BB49CB927B6494900050B01 /* XSExtension+NSObject.swift in Sources */,
				0BB49CC127B6494900050B01 /* ArchiveMethod.swift in Sources */,
				71D1E9ED2AFD288C0048AC6E /* XSExtension+UIImage.swift in Sources */,
				0BB49CE327B65ACD00050B01 /* XSScrollCardViewController.swift in Sources */,
				0BB49CE527B65ACD00050B01 /* XSIndexDefaultCell.swift in Sources */,
				0BB49CBA27B6494900050B01 /* XSExtension+UIView.swift in Sources */,
				0BB49CBE27B6494900050B01 /* XSFitDevice.swift in Sources */,
				71D1E9F12AFD2C020048AC6E /* XSExtension+UICollectionViewCell.swift in Sources */,
				0BB49CCB27B64DBE00050B01 /* XSChassisViewController.swift in Sources */,
				0BB49CC227B6494900050B01 /* XSConstants.swift in Sources */,
				0BB49CE827B65ACD00050B01 /* XSIndexNavigationView.swift in Sources */,
				0BB49CCA27B64DBE00050B01 /* XSSplashViewController.swift in Sources */,
				0BB49CEF27B65B0B00050B01 /* XSPlayerView.swift in Sources */,
				0BB49CE027B65ACD00050B01 /* XSOtherViewController.swift in Sources */,
				0BB49CE427B65ACD00050B01 /* XSCardFlowLayout.swift in Sources */,
				0BB49CB827B6494900050B01 /* XSExtension+UITableViewCell.swift in Sources */,
				71D1E9EF2AFD2A1E0048AC6E /* XSExtension+UIColor.swift in Sources */,
				0BB49CBB27B6494900050B01 /* XSScreenFit.swift in Sources */,
				0BB49CE927B65ACD00050B01 /* XSDefaultCell.swift in Sources */,
				0BB49C6627B6035600050B01 /* AppDelegate.swift in Sources */,
				0BB49CCC27B64DBE00050B01 /* XSLeftMenuViewController.swift in Sources */,
				0BB49CE127B65ACD00050B01 /* XSIndexViewController.swift in Sources */,
				0BB49CEA27B65ACD00050B01 /* XSUserViewController.swift in Sources */,
				0BB49CB727B6494900050B01 /* XSExtension+String.swift in Sources */,
				0BB49CC427B6494900050B01 /* ANN9PostDevice.swift in Sources */,
				0BB49CE727B65ACD00050B01 /* XSCardCell.swift in Sources */,
				0BB49CCD27B64DBE00050B01 /* XSRootViewController.swift in Sources */,
				0BB49CE227B65ACD00050B01 /* XSNoteDetailViewController.swift in Sources */,
				0BB49CF027B65B0B00050B01 /* XSPlayerViewController.swift in Sources */,
				0BB49CE627B65ACD00050B01 /* XSIndexDefaultCellHeaderView.swift in Sources */,
			);
			runOnlyForDeploymentPostprocessing = 0;
		};
/* End PBXSourcesBuildPhase section */

/* Begin XCBuildConfiguration section */
		0BB49C8A27B6035800050B01 /* Debug */ = {
			isa = XCBuildConfiguration;
			buildSettings = {
				ALWAYS_SEARCH_USER_PATHS = NO;
				CLANG_ANALYZER_NONNULL = YES;
				CLANG_ANALYZER_NUMBER_OBJECT_CONVERSION = YES_AGGRESSIVE;
				CLANG_CXX_LANGUAGE_STANDARD = "gnu++17";
				CLANG_CXX_LIBRARY = "libc++";
				CLANG_ENABLE_MODULES = YES;
				CLANG_ENABLE_OBJC_ARC = YES;
				CLANG_ENABLE_OBJC_WEAK = YES;
				CLANG_WARN_BLOCK_CAPTURE_AUTORELEASING = YES;
				CLANG_WARN_BOOL_CONVERSION = YES;
				CLANG_WARN_COMMA = YES;
				CLANG_WARN_CONSTANT_CONVERSION = YES;
				CLANG_WARN_DEPRECATED_OBJC_IMPLEMENTATIONS = YES;
				CLANG_WARN_DIRECT_OBJC_ISA_USAGE = YES_ERROR;
				CLANG_WARN_DOCUMENTATION_COMMENTS = YES;
				CLANG_WARN_EMPTY_BODY = YES;
				CLANG_WARN_ENUM_CONVERSION = YES;
				CLANG_WARN_INFINITE_RECURSION = YES;
				CLANG_WARN_INT_CONVERSION = YES;
				CLANG_WARN_NON_LITERAL_NULL_CONVERSION = YES;
				CLANG_WARN_OBJC_IMPLICIT_RETAIN_SELF = YES;
				CLANG_WARN_OBJC_LITERAL_CONVERSION = YES;
				CLANG_WARN_OBJC_ROOT_CLASS = YES_ERROR;
				CLANG_WARN_QUOTED_INCLUDE_IN_FRAMEWORK_HEADER = YES;
				CLANG_WARN_RANGE_LOOP_ANALYSIS = YES;
				CLANG_WARN_STRICT_PROTOTYPES = YES;
				CLANG_WARN_SUSPICIOUS_MOVE = YES;
				CLANG_WARN_UNGUARDED_AVAILABILITY = YES_AGGRESSIVE;
				CLANG_WARN_UNREACHABLE_CODE = YES;
				CLANG_WARN__DUPLICATE_METHOD_MATCH = YES;
				COPY_PHASE_STRIP = NO;
				DEBUG_INFORMATION_FORMAT = dwarf;
				ENABLE_STRICT_OBJC_MSGSEND = YES;
				ENABLE_TESTABILITY = YES;
				GCC_C_LANGUAGE_STANDARD = gnu11;
				GCC_DYNAMIC_NO_PIC = NO;
				GCC_NO_COMMON_BLOCKS = YES;
				GCC_OPTIMIZATION_LEVEL = 0;
				GCC_PREPROCESSOR_DEFINITIONS = (
					"DEBUG=1",
					"$(inherited)",
				);
				GCC_WARN_64_TO_32_BIT_CONVERSION = YES;
				GCC_WARN_ABOUT_RETURN_TYPE = YES_ERROR;
				GCC_WARN_UNDECLARED_SELECTOR = YES;
				GCC_WARN_UNINITIALIZED_AUTOS = YES_AGGRESSIVE;
				GCC_WARN_UNUSED_FUNCTION = YES;
				GCC_WARN_UNUSED_VARIABLE = YES;
				IPHONEOS_DEPLOYMENT_TARGET = 15.2;
				MTL_ENABLE_DEBUG_INFO = INCLUDE_SOURCE;
				MTL_FAST_MATH = YES;
				ONLY_ACTIVE_ARCH = YES;
				SDKROOT = iphoneos;
				SWIFT_ACTIVE_COMPILATION_CONDITIONS = DEBUG;
				SWIFT_OPTIMIZATION_LEVEL = "-Onone";
			};
			name = Debug;
		};
		0BB49C8B27B6035800050B01 /* Release */ = {
			isa = XCBuildConfiguration;
			buildSettings = {
				ALWAYS_SEARCH_USER_PATHS = NO;
				CLANG_ANALYZER_NONNULL = YES;
				CLANG_ANALYZER_NUMBER_OBJECT_CONVERSION = YES_AGGRESSIVE;
				CLANG_CXX_LANGUAGE_STANDARD = "gnu++17";
				CLANG_CXX_LIBRARY = "libc++";
				CLANG_ENABLE_MODULES = YES;
				CLANG_ENABLE_OBJC_ARC = YES;
				CLANG_ENABLE_OBJC_WEAK = YES;
				CLANG_WARN_BLOCK_CAPTURE_AUTORELEASING = YES;
				CLANG_WARN_BOOL_CONVERSION = YES;
				CLANG_WARN_COMMA = YES;
				CLANG_WARN_CONSTANT_CONVERSION = YES;
				CLANG_WARN_DEPRECATED_OBJC_IMPLEMENTATIONS = YES;
				CLANG_WARN_DIRECT_OBJC_ISA_USAGE = YES_ERROR;
				CLANG_WARN_DOCUMENTATION_COMMENTS = YES;
				CLANG_WARN_EMPTY_BODY = YES;
				CLANG_WARN_ENUM_CONVERSION = YES;
				CLANG_WARN_INFINITE_RECURSION = YES;
				CLANG_WARN_INT_CONVERSION = YES;
				CLANG_WARN_NON_LITERAL_NULL_CONVERSION = YES;
				CLANG_WARN_OBJC_IMPLICIT_RETAIN_SELF = YES;
				CLANG_WARN_OBJC_LITERAL_CONVERSION = YES;
				CLANG_WARN_OBJC_ROOT_CLASS = YES_ERROR;
				CLANG_WARN_QUOTED_INCLUDE_IN_FRAMEWORK_HEADER = YES;
				CLANG_WARN_RANGE_LOOP_ANALYSIS = YES;
				CLANG_WARN_STRICT_PROTOTYPES = YES;
				CLANG_WARN_SUSPICIOUS_MOVE = YES;
				CLANG_WARN_UNGUARDED_AVAILABILITY = YES_AGGRESSIVE;
				CLANG_WARN_UNREACHABLE_CODE = YES;
				CLANG_WARN__DUPLICATE_METHOD_MATCH = YES;
				COPY_PHASE_STRIP = NO;
				DEBUG_INFORMATION_FORMAT = "dwarf-with-dsym";
				ENABLE_NS_ASSERTIONS = NO;
				ENABLE_STRICT_OBJC_MSGSEND = YES;
				GCC_C_LANGUAGE_STANDARD = gnu11;
				GCC_NO_COMMON_BLOCKS = YES;
				GCC_WARN_64_TO_32_BIT_CONVERSION = YES;
				GCC_WARN_ABOUT_RETURN_TYPE = YES_ERROR;
				GCC_WARN_UNDECLARED_SELECTOR = YES;
				GCC_WARN_UNINITIALIZED_AUTOS = YES_AGGRESSIVE;
				GCC_WARN_UNUSED_FUNCTION = YES;
				GCC_WARN_UNUSED_VARIABLE = YES;
				IPHONEOS_DEPLOYMENT_TARGET = 15.2;
				MTL_ENABLE_DEBUG_INFO = NO;
				MTL_FAST_MATH = YES;
				SDKROOT = iphoneos;
				SWIFT_COMPILATION_MODE = wholemodule;
				SWIFT_OPTIMIZATION_LEVEL = "-O";
				VALIDATE_PRODUCT = YES;
			};
			name = Release;
		};
		0BB49C8D27B6035800050B01 /* Debug */ = {
			isa = XCBuildConfiguration;
			baseConfigurationReference = 87DA323CBE761FECABC2F763 /* Pods-SuperDemo-Swift.debug.xcconfig */;
			buildSettings = {
				ASSETCATALOG_COMPILER_APPICON_NAME = AppIcon;
				ASSETCATALOG_COMPILER_GLOBAL_ACCENT_COLOR_NAME = AccentColor;
				CODE_SIGN_STYLE = Automatic;
				CURRENT_PROJECT_VERSION = 1;
				DEVELOPMENT_TEAM = ZS7ZWB69B7;
				GENERATE_INFOPLIST_FILE = YES;
				INFOPLIST_FILE = "SuperDemo-Swift/Other/Info.plist";
				INFOPLIST_KEY_UIApplicationSupportsIndirectInputEvents = YES;
				INFOPLIST_KEY_UILaunchStoryboardName = LaunchScreen;
				INFOPLIST_KEY_UIMainStoryboardFile = LaunchScreen;
				INFOPLIST_KEY_UISupportedInterfaceOrientations_iPad = "UIInterfaceOrientationPortrait UIInterfaceOrientationPortraitUpsideDown UIInterfaceOrientationLandscapeLeft UIInterfaceOrientationLandscapeRight";
				INFOPLIST_KEY_UISupportedInterfaceOrientations_iPhone = "UIInterfaceOrientationPortrait UIInterfaceOrientationLandscapeLeft UIInterfaceOrientationLandscapeRight";
				IPHONEOS_DEPLOYMENT_TARGET = 13.0;
				LD_RUNPATH_SEARCH_PATHS = (
					"$(inherited)",
					"@executable_path/Frameworks",
				);
				MARKETING_VERSION = 1.0;
				PRODUCT_BUNDLE_IDENTIFIER = com.macrolor.superdemo;
				PRODUCT_NAME = "$(TARGET_NAME)";
				SWIFT_EMIT_LOC_STRINGS = YES;
				SWIFT_VERSION = 5.0;
				TARGETED_DEVICE_FAMILY = "1,2";
			};
			name = Debug;
		};
		0BB49C8E27B6035800050B01 /* Release */ = {
			isa = XCBuildConfiguration;
			baseConfigurationReference = 260DF14E6711F11D3F1FD3B6 /* Pods-SuperDemo-Swift.release.xcconfig */;
			buildSettings = {
				ASSETCATALOG_COMPILER_APPICON_NAME = AppIcon;
				ASSETCATALOG_COMPILER_GLOBAL_ACCENT_COLOR_NAME = AccentColor;
				CODE_SIGN_STYLE = Automatic;
				CURRENT_PROJECT_VERSION = 1;
				DEVELOPMENT_TEAM = ZS7ZWB69B7;
				GENERATE_INFOPLIST_FILE = YES;
				INFOPLIST_FILE = "SuperDemo-Swift/Other/Info.plist";
				INFOPLIST_KEY_UIApplicationSupportsIndirectInputEvents = YES;
				INFOPLIST_KEY_UILaunchStoryboardName = LaunchScreen;
				INFOPLIST_KEY_UIMainStoryboardFile = LaunchScreen;
				INFOPLIST_KEY_UISupportedInterfaceOrientations_iPad = "UIInterfaceOrientationPortrait UIInterfaceOrientationPortraitUpsideDown UIInterfaceOrientationLandscapeLeft UIInterfaceOrientationLandscapeRight";
				INFOPLIST_KEY_UISupportedInterfaceOrientations_iPhone = "UIInterfaceOrientationPortrait UIInterfaceOrientationLandscapeLeft UIInterfaceOrientationLandscapeRight";
				IPHONEOS_DEPLOYMENT_TARGET = 13.0;
				LD_RUNPATH_SEARCH_PATHS = (
					"$(inherited)",
					"@executable_path/Frameworks",
				);
				MARKETING_VERSION = 1.0;
				PRODUCT_BUNDLE_IDENTIFIER = com.macrolor.superdemo;
				PRODUCT_NAME = "$(TARGET_NAME)";
				SWIFT_EMIT_LOC_STRINGS = YES;
				SWIFT_VERSION = 5.0;
				TARGETED_DEVICE_FAMILY = "1,2";
			};
			name = Release;
		};
/* End XCBuildConfiguration section */

/* Begin XCConfigurationList section */
		0BB49C5D27B6035600050B01 /* Build configuration list for PBXProject "SuperDemo-Swift" */ = {
			isa = XCConfigurationList;
			buildConfigurations = (
				0BB49C8A27B6035800050B01 /* Debug */,
				0BB49C8B27B6035800050B01 /* Release */,
			);
			defaultConfigurationIsVisible = 0;
			defaultConfigurationName = Release;
		};
		0BB49C8C27B6035800050B01 /* Build configuration list for PBXNativeTarget "SuperDemo-Swift" */ = {
			isa = XCConfigurationList;
			buildConfigurations = (
				0BB49C8D27B6035800050B01 /* Debug */,
				0BB49C8E27B6035800050B01 /* Release */,
			);
			defaultConfigurationIsVisible = 0;
			defaultConfigurationName = Release;
		};
/* End XCConfigurationList section */
	};
	rootObject = 0BB49C5A27B6035600050B01 /* Project object */;
}
